
Microsoft Visual Studio Solution File, Format Version 12.00
# Visual Studio Version 17
VisualStudioVersion = 17.4.33403.182
MinimumVisualStudioVersion = 10.0.40219.1
Project("{FAE04EC0-301F-11D3-BF4B-00C04F79EFBC}") = "Task 3", "Task 3\Task 3.csproj", "{42060227-BD01-4080-8DDC-5A5647DE1E0E}"
EndProject
Global
	GlobalSection(SolutionConfigurationPlatforms) = preSolution
		Debug|Any CPU = Debug|Any CPU
		Release|Any CPU = Release|Any CPU
	EndGlobalSection
	GlobalSection(ProjectConfigurationPlatforms) = postSolution
		{42060227-BD01-4080-8DDC-5A5647DE1E0E}.Debug|Any CPU.ActiveCfg = Debug|Any CPU
		{42060227-BD01-4080-8DDC-5A5647DE1E0E}.Debug|Any CPU.Build.0 = Debug|Any CPU
		{42060227-BD01-4080-8DDC-5A5647DE1E0E}.Release|Any CPU.ActiveCfg = Release|Any CPU
		{42060227-BD01-4080-8DDC-5A5647DE1E0E}.Release|Any CPU.Build.0 = Release|Any CPU
	EndGlobalSection
	GlobalSection(SolutionProperties) = preSolution
		HideSolutionNode = FALSE
	EndGlobalSection
	GlobalSection(ExtensibilityGlobals) = postSolution
		SolutionGuid = {247B9219-65D3-49E4-B7DE-10D201429A21}
	EndGlobalSection
EndGlobal
