
Microsoft Visual Studio Solution File, Format Version 12.00
# Visual Studio Version 17
VisualStudioVersion = 17.4.33403.182
MinimumVisualStudioVersion = 10.0.40219.1
Project("{FAE04EC0-301F-11D3-BF4B-00C04F79EFBC}") = "Task 2", "Task 2\Task 2.csproj", "{1396662C-C84F-44C3-80AC-F0FB119D0E70}"
EndProject
Global
	GlobalSection(SolutionConfigurationPlatforms) = preSolution
		Debug|Any CPU = Debug|Any CPU
		Release|Any CPU = Release|Any CPU
	EndGlobalSection
	GlobalSection(ProjectConfigurationPlatforms) = postSolution
		{1396662C-C84F-44C3-80AC-F0FB119D0E70}.Debug|Any CPU.ActiveCfg = Debug|Any CPU
		{1396662C-C84F-44C3-80AC-F0FB119D0E70}.Debug|Any CPU.Build.0 = Debug|Any CPU
		{1396662C-C84F-44C3-80AC-F0FB119D0E70}.Release|Any CPU.ActiveCfg = Release|Any CPU
		{1396662C-C84F-44C3-80AC-F0FB119D0E70}.Release|Any CPU.Build.0 = Release|Any CPU
	EndGlobalSection
	GlobalSection(SolutionProperties) = preSolution
		HideSolutionNode = FALSE
	EndGlobalSection
	GlobalSection(ExtensibilityGlobals) = postSolution
		SolutionGuid = {EC4B872D-D8F1-46FD-AD4A-963F7A8DB52E}
	EndGlobalSection
EndGlobal
